
Microsoft Visual Studio Solution File, Format Version 12.00
# Visual Studio Version 16
VisualStudioVersion = 16.0.29519.87
MinimumVisualStudioVersion = 10.0.40219.1
Project("{FAE04EC0-301F-11D3-BF4B-00C04F79EFBC}") = "Task4", "Task4\Task4.csproj", "{1FF9DABE-5CB2-434F-AB78-4FB783ACBA50}"
EndProject
Project("{FAE04EC0-301F-11D3-BF4B-00C04F79EFBC}") = "Task4Library", "Task4Library\Task4Library.csproj", "{51370A05-5AEB-4E29-BE64-A4D0F2CED34A}"
EndProject
Global
	GlobalSection(SolutionConfigurationPlatforms) = preSolution
		Debug|Any CPU = Debug|Any CPU
		Release|Any CPU = Release|Any CPU
	EndGlobalSection
	GlobalSection(ProjectConfigurationPlatforms) = postSolution
		{1FF9DABE-5CB2-434F-AB78-4FB783ACBA50}.Debug|Any CPU.ActiveCfg = Debug|Any CPU
		{1FF9DABE-5CB2-434F-AB78-4FB783ACBA50}.Debug|Any CPU.Build.0 = Debug|Any CPU
		{1FF9DABE-5CB2-434F-AB78-4FB783ACBA50}.Release|Any CPU.ActiveCfg = Release|Any CPU
		{1FF9DABE-5CB2-434F-AB78-4FB783ACBA50}.Release|Any CPU.Build.0 = Release|Any CPU
		{51370A05-5AEB-4E29-BE64-A4D0F2CED34A}.Debug|Any CPU.ActiveCfg = Debug|Any CPU
		{51370A05-5AEB-4E29-BE64-A4D0F2CED34A}.Debug|Any CPU.Build.0 = Debug|Any CPU
		{51370A05-5AEB-4E29-BE64-A4D0F2CED34A}.Release|Any CPU.ActiveCfg = Release|Any CPU
		{51370A05-5AEB-4E29-BE64-A4D0F2CED34A}.Release|Any CPU.Build.0 = Release|Any CPU
	EndGlobalSection
	GlobalSection(SolutionProperties) = preSolution
		HideSolutionNode = FALSE
	EndGlobalSection
	GlobalSection(ExtensibilityGlobals) = postSolution
		SolutionGuid = {6877EC68-3880-4A07-B03D-9917FE34840B}
	EndGlobalSection
EndGlobal
